version = 1
revision = 3
requires-python = ">=3.13"

[[package]]
name = "kinetix"
version = "0.1.0"
source = { virtual = "." }
dependencies = [
    { name = "pygame-ce" },
]

[package.dev-dependencies]
dev = [
    { name = "ruff" },
]

[package.metadata]
requires-dist = [{ name = "pygame-ce", specifier = ">=2.5.8" }]

[package.metadata.requires-dev]
dev = [{ name = "ruff", specifier = ">=0.16.6" }]

[[package]]
name = "pygame-ce"
version = "2.5.8"
source = { registry = "https://pypi.org/simple" }
sdist = { url = "https://files.pythonhosted.org/packages/26/2d/0f942ec31d558a6a1f2fd0df9965ff0055f165ed5b8d36f6509b1f3768a2/pygame_ce-2.5.8.tar.gz", hash = "sha256:3c8e69088ead310037972c391306ea58e74d7296b35d1890067749235fd554ba", size = 5300831, upload-time = "2026-08-09T11:39:49.226Z" }
wheels = [
    { url = "https://files.pythonhosted.org/packages/8a/06/f2e2d9fe3eb2dc1fde30b90e250274e85ba355af729892ac71ba653924a1/pygame_ce-2.5.8-cp313-cp313-macosx_10_13_universal2.whl", hash = "sha256:56441a9bb75c2461750dc0e6e4a46e3833b3cf6339bfbaf16f93ecac037510f3", size = 16562516, upload-time = "2026-08-09T11:38:42.311Z" },
    { url = "https://files.pythonhosted.org/packages/4d/fe/4be67df98bb05f7b024900f80fe4d07a72cec7022262d17c449b2a9f6034/pygame_ce-2.5.8-cp313-cp313-manylinux2014_aarch64.manylinux_2_17_aarch64.whl", hash = "sha256:e3183bc0d808e739ca2400df45a5bfae10704ccbcacab0f04f9adc9027e86427", size = 12045702, upload-time = "2026-08-09T11:38:44.903Z" },
    { url = "https://files.pythonhosted.org/packages/5d/8f/f7d283799aaa2208c1276f085d514f2ac37ce1bb5df940c7cbac7e6a6320/pygame_ce-2.5.8-cp313-cp313-manylinux2014_i686.manylinux_2_17_i686.whl", hash = "sha256:841aecccb498419367936bea0b1b0c6e9d635dc81c41ef26ec1769158f1ab871", size = 12585829, upload-time = "2026-08-09T11:38:47.507Z" },
    { url = "https://files.pythonhosted.org/packages/27/4d/03fd52c7f958b8e929757a118cada9aee16ae9d4fd84f2682ee0cbd3941d/pygame_ce-2.5.8-cp313-cp313-manylinux2014_x86_64.manylinux_2_17_x86_64.whl", hash = "sha256:5bb966b610e161a8f6d908b4c62ef3a1f3e922bc7bed73bd70a3e15dc780b90e", size = 12145623, upload-time = "2026-08-09T11:38:49.87Z" },
    { url = "https://files.pythonhosted.org/packages/6e/61/c02613190a3256a656258bb4f677aecc09c3cb1f5521490ce7d5fb6308dd/pygame_ce-2.5.8-cp313-cp313-win32.whl", hash = "sha256:cab944d76af71e707803856b4db984ca90d9d6453e470e89771ed963c11ed912", size = 9123635, upload-time = "2026-08-09T11:38:52.452Z" },
    { url = "https://files.pythonhosted.org/packages/c0/1b/da9186e5b88714c16fdb23bc4ba0bca4a75c21e3a5cf9607765773f68d22/pygame_ce-2.5.8-cp313-cp313-win_amd64.whl", hash = "sha256:f495b0eb7a5c54c59da58e964bc7f68073c3f43cf307729fd48309104a04c190", size = 9668342, upload-time = "2026-08-09T11:38:54.988Z" },
    { url = "https://files.pythonhosted.org/packages/55/d3/78136bc51be25afbd7954c22488860e80f32d9a885f6667fed8aac7df0d6/pygame_ce-2.5.8-cp313-cp313-win_arm64.whl", hash = "sha256:dea22b4d4c418bbd0bd9853ae797ecfa882436d2684ceb6063ba8b520adc8500", size = 10211021, upload-time = "2026-08-09T11:38:57.529Z" },
    { url = "https://files.pythonhosted.org/packages/4d/e6/8e83904cf4184223419345a78c905e7c1ace10228befd87eb497ba015c8c/pygame_ce-2.5.8-cp314-cp314-macosx_10_15_universal2.whl", hash = "sha256:7ec4efa6b57a194f5ad51b92211cc74b485320df951b0cc870235b2b889b9b6d", size = 16571019, upload-time = "2026-08-09T11:39:00.084Z" },
    { url = "https://files.pythonhosted.org/packages/2e/f3/4f90a0b5e86635d741111084eaa4d4c65fcab2f461edb8c9efa502e4c630/pygame_ce-2.5.8-cp314-cp314-manylinux2014_aarch64.manylinux_2_17_aarch64.whl", hash = "sha256:bb91d0bb0b5e2a4da61910d752769d4580cacffb4b7338cee57c932351c67e7b", size = 12051251, upload-time = "2026-08-09T11:39:02.561Z" },
    { url = "https://files.pythonhosted.org/packages/99/7e/b0c4f5d43261e8707353ef40cf6620d46d42f43a502c236e93ce6ea82e7b/pygame_ce-2.5.8-cp314-cp314-manylinux2014_i686.manylinux_2_17_i686.whl", hash = "sha256:68bd9c4ac42bb2549c034d56399404f16c87c56714db721ed975a759798a3d16", size = 12585932, upload-time = "2026-08-09T11:39:04.989Z" },
    { url = "https://files.pythonhosted.org/packages/dd/62/06f0ceb7f5a154e0071a4ce81a16de47b9f3b85034fa391686d489d15be5/pygame_ce-2.5.8-cp314-cp314-manylinux2014_x86_64.manylinux_2_17_x86_64.whl", hash = "sha256:0027bd2255cbb39789d9c7ff95a5f040f56d1cfeb09504497447c0ee06169a24", size = 12147357, upload-time = "2026-08-09T11:39:07.433Z" },
    { url = "https://files.pythonhosted.org/packages/05/57/14d6b40318af71cf20e4c750866795424e018f79c5a5cf3a9a74a8717c4c/pygame_ce-2.5.8-cp314-cp314-win32.whl", hash = "sha256:c5285d444e4b789ef95522bbd2b90433163ad2b89e0ae4891236fde88a027fbd", size = 9255121, upload-time = "2026-08-09T11:39:09.723Z" },
    { url = "https://files.pythonhosted.org/packages/f1/31/92d32a9bf9b78e9ef10cec7224e2f00efc957757505822af8dc4225e9b41/pygame_ce-2.5.8-cp314-cp314-win_amd64.whl", hash = "sha256:b4c2e28c201240199356952e6bd0221969d2eb8a1a15c3454d77db209bad7891", size = 9833757, upload-time = "2026-08-09T11:39:11.989Z" },
    { url = "https://files.pythonhosted.org/packages/5a/26/4024483d4a3161ed8fb8d3f3f4957580af31d468e0c31df7e6038f45ccdc/pygame_ce-2.5.8-cp314-cp314-win_arm64.whl", hash = "sha256:b23034594412456504822d3088cf5f292f63bbe415eac29735340a59999e4116", size = 10410381, upload-time = "2026-08-09T11:39:14.417Z" },
    { url = "https://files.pythonhosted.org/packages/fd/11/0b47f80b261d6379c86b9cc3fa405af5bd62af10506de7e28c2275d67b86/pygame_ce-2.5.8-cp315-cp315-macosx_10_15_universal2.whl", hash = "sha256:0a4e0804d53bae8d9aa5192fc2259b40dd084b48ea273dd7dd6e1c12b73303c4", size = 16571139, upload-time = "2026-08-09T11:39:16.979Z" },
    { url = "https://files.pythonhosted.org/packages/f1/95/694cd02641a0c0956b6c5919b56599af302524ac133551b654f550f28919/pygame_ce-2.5.8-cp315-cp315-manylinux2014_aarch64.manylinux_2_17_aarch64.whl", hash = "sha256:d7f03d38b3693c014dd47d4e281620b6756669129e545af1cd608a9484582846", size = 12051154, upload-time = "2026-08-09T11:39:19.873Z" },
    { url = "https://files.pythonhosted.org/packages/da/5e/bed22b0d07d9e96bb9a448acc9da7a235f046280264c33476f0c0753d302/pygame_ce-2.5.8-cp315-cp315-manylinux2014_i686.manylinux_2_17_i686.whl", hash = "sha256:d084b79535f3529aa157edd9401f4f33e5082f318d287029291d6596bb225105", size = 12585976, upload-time = "2026-08-09T11:39:22.555Z" },
    { url = "https://files.pythonhosted.org/packages/21/ce/8c167ba5ba736e372730ae29ef0f8cb2e62a88580e647ae987bc112eb1cb/pygame_ce-2.5.8-cp315-cp315-manylinux2014_x86_64.manylinux_2_17_x86_64.whl", hash = "sha256:d9cbf6e2648ae6d76aa8ece82187d240300cfd9f4c90860e1e466f78cf0ab14a", size = 12147466, upload-time = "2026-08-09T11:39:24.935Z" },
    { url = "https://files.pythonhosted.org/packages/63/92/c99ed51479f2d2a5d7fc9d5aa3b880e4c0fcc87f30cb95ecf325f35dd2fd/pygame_ce-2.5.8-cp315-cp315-win32.whl", hash = "sha256:312a01ff5439a0bd2e55b56683518454da4cbe4cad493d0580e9c49f6aacc2d8", size = 9254928, upload-time = "2026-08-09T11:39:29.525Z" },
    { url = "https://files.pythonhosted.org/packages/87/41/404836598d666ffe02681fd0c29f013daaa8baf18e5de5f7a5d4870b6105/pygame_ce-2.5.8-cp315-cp315-win_amd64.whl", hash = "sha256:5b789aa7e4239be025c9de8428c2c422f0811f0e3dd702b574d836fd9ae040eb", size = 9833657, upload-time = "2026-08-09T11:39:31.897Z" },
    { url = "https://files.pythonhosted.org/packages/5f/a2/7a844f772c6f0967e75d49cb10602fbb878b9daee1cc080d2b9597bcc873/pygame_ce-2.5.8-cp315-cp315-win_arm64.whl", hash = "sha256:28c4fed3870e3edf72ea7ea359bb5f64c55db0fb9cb3bdb26b4b674b4b4bcff4", size = 10410231, upload-time = "2026-08-09T11:39:34.184Z" },
]

[[package]]
name = "ruff"
version = "0.16.6"
source = { registry = "https://pypi.org/simple" }
sdist = { url = "https://files.pythonhosted.org/packages/a4/7c/6adb35d70e7c027e308274557901c7e00fb3407750faf3620c184ae058cb/ruff-0.16.6.tar.gz", hash = "sha256:dcf8a73d2ff77e99dde91244b4da16feba7f14e6beeb4015dee7c5a909e99050", size = 4921251, upload-time = "2026-09-03T16:57:29.037Z" }
wheels = [
    { url = "https://files.pythonhosted.org/packages/a4/28/9cc1b79639e284ec103f43c88c644db4eb58cbd0ea1ca11f1193435369ac/ruff-0.16.6-py3-none-linux_armv6l.whl", hash = "sha256:61c368c26bf8e973e5ab14a2772de587bc068ea3f9a277f673380749b4898fb8", size = 10015638, upload-time = "2026-09-03T16:56:40.986Z" },
    { url = "https://files.pythonhosted.org/packages/71/11/627d342ef727ea7794edf74fe23d60a074b02c3acc2e9436684e782286ca/ruff-0.16.6-py3-none-macosx_10_12_x86_64.whl", hash = "sha256:ecf4f068e2e123e43a26e9db4e19524cc56563912404e83bbfca375757e45a32", size = 10220762, upload-time = "2026-09-03T16:56:44.681Z" },
    { url = "https://files.pythonhosted.org/packages/43/d9/b75668ce41e4c8d073d18d6d08672ba6906ce45d5c06ea4fdb2e84ce3853/ruff-0.16.6-py3-none-macosx_11_0_arm64.whl", hash = "sha256:99b62ea33baf130f50368798d841f0d95527b6d817bf31817b65dd058f1d314c", size = 9835082, upload-time = "2026-09-03T16:56:47.142Z" },
    { url = "https://files.pythonhosted.org/packages/99/97/123ab10b05cde889c107c20f5a9774955104b5552796a2a8584b089ae8eb/ruff-0.16.6-py3-none-manylinux_2_17_aarch64.manylinux2014_aarch64.whl", hash = "sha256:7fbf89013f2bb3f6835a6038ff658dc8a1b38c98dc8e724b964168ad4e881876", size = 9949304, upload-time = "2026-09-03T16:56:49.813Z" },
    { url = "https://files.pythonhosted.org/packages/3e/58/a4a2c59dd2e5b85929c912d9cac3056eb9ee8c7e75e9b9fe3e109174966b/ruff-0.16.6-py3-none-manylinux_2_17_armv7l.manylinux2014_armv7l.whl", hash = "sha256:56a67065e22efa6bc4d498299d3bb06c0c90aace8fac2068b5a12f9dc4d8d51d", size = 9840612, upload-time = "2026-09-03T16:56:52.368Z" },
    { url = "https://files.pythonhosted.org/packages/61/6a/ff8c8626a786c4f49d48ced4a752dadbca65f5263005f9c2416578194694/ruff-0.16.6-py3-none-manylinux_2_17_i686.manylinux2014_i686.whl", hash = "sha256:e25cc89174874b176a157e4428d66761c2c0c006654419bf384f967f361ff1b1", size = 10543465, upload-time = "2026-09-03T16:56:55.089Z" },
    { url = "https://files.pythonhosted.org/packages/ad/bb/c47535923365f337b82e28192e4e9eef2176511007cfd99a62fc22df5dad/ruff-0.16.6-py3-none-manylinux_2_17_ppc64le.manylinux2014_ppc64le.whl", hash = "sha256:0700580ed5303723cb3c11c2f1d2a8913ce77b7ea86646dddb887f5417a9ba70", size = 11267576, upload-time = "2026-09-03T16:56:57.791Z" },
    { url = "https://files.pythonhosted.org/packages/ba/50/e5119a5212b5cd63b51e1f4b25e7bd636a6668fc069a3160b108ad7e3c16/ruff-0.16.6-py3-none-manylinux_2_17_s390x.manylinux2014_s390x.whl", hash = "sha256:15f1d0b6e165a6e56567befb6629f8209271311d990bae0f37e6d065035ef5f3", size = 10781993, upload-time = "2026-09-03T16:57:00.666Z" },
    { url = "https://files.pythonhosted.org/packages/8b/98/083d8b4ef3c51a0d19db84367791cbe9f44e4b53343d19dfa83556e1cd9a/ruff-0.16.6-py3-none-manylinux_2_17_x86_64.manylinux2014_x86_64.whl", hash = "sha256:d72c591a96986ee4268860e2b7235082129ca5e4cb9cbba653a4b57c11893757", size = 10317748, upload-time = "2026-09-03T16:57:03.428Z" },
    { url = "https://files.pythonhosted.org/packages/9a/29/68f7ff2c5ad95f19f00627ac2de95644e25fe47371ea60b2db1fd952315e/ruff-0.16.6-py3-none-manylinux_2_31_riscv64.whl", hash = "sha256:65a006baa18f33324325814c864daef03541d51564b98c517610ea756ab7003e", size = 10540096, upload-time = "2026-09-03T16:57:06.182Z" },
    { url = "https://files.pythonhosted.org/packages/c4/f9/79a8f6de85968641d68a7863aeec577551924ef066a990a48ff93167beab/ruff-0.16.6-py3-none-musllinux_1_2_aarch64.whl", hash = "sha256:cd02a7bf1a21a8735228a3e8c95a9dc5cf86bd2a52194f4aaae2a5755b4de0f4", size = 10100494, upload-time = "2026-09-03T16:57:09.194Z" },
    { url = "https://files.pythonhosted.org/packages/d9/e8/b81a22d9b90c00b892ccf2fa2ac36fa95de4c13ab85aea3e73795cfe4651/ruff-0.16.6-py3-none-musllinux_1_2_armv7l.whl", hash = "sha256:31b36f1e5ad85e0737f09d2be4e512e2e283583c14015da3b9dc07359ac0fc88", size = 9843663, upload-time = "2026-09-03T16:57:12.168Z" },
    { url = "https://files.pythonhosted.org/packages/39/aa/54f516ec5e5a11c4afdceb1c454ebb054ffb96e4f4a1705580b4346abd35/ruff-0.16.6-py3-none-musllinux_1_2_i686.whl", hash = "sha256:61029b4ab4aa723fd3064fab96b1d814492596bf0c792679fffcbde1e1679953", size = 10282461, upload-time = "2026-09-03T16:57:15.077Z" },
    { url = "https://files.pythonhosted.org/packages/52/0b/38d0aa8aa32372b96dc44f97b22e576c4147808271aab7b2cb1e353d4445/ruff-0.16.6-py3-none-musllinux_1_2_x86_64.whl", hash = "sha256:9ac8998457832c2061709d900856b7ad271dace0cb41f346588d540162bfa718", size = 10728808, upload-time = "2026-09-03T16:57:17.797Z" },
    { url = "https://files.pythonhosted.org/packages/5e/e5/9e274e24eeb027640ffc7442f21239f16d17f47acec15ae34f32e03a5c79/ruff-0.16.6-py3-none-win32.whl", hash = "sha256:0b87d9d16fcb63e8018423ca1d50b7260f15cb2da33e30db4baad4183a948c25", size = 10049212, upload-time = "2026-09-03T16:57:20.55Z" },
    { url = "https://files.pythonhosted.org/packages/22/31/72472449414223ed1a2da236b992adbb1a2ae59e34794574810f60ce068e/ruff-0.16.6-py3-none-win_amd64.whl", hash = "sha256:10d21c51c3495d8eaea7b703a16592117ea6eb1d649e36335aa965ff1173eb39", size = 10556402, upload-time = "2026-09-03T16:57:23.501Z" },
    { url = "https://files.pythonhosted.org/packages/fc/07/d781f8f8e1ac24bef9f3269cf62ffb1407ca24c3a8f12e5e22874f90528c/ruff-0.16.6-py3-none-win_arm64.whl", hash = "sha256:7a976c79b958f94e50a022a19f0f8c87387448020935ec14fc74331bd0a7f2c5", size = 10412850, upload-time = "2026-09-03T16:57:26.416Z" },
]
